
Microsoft Visual Studio Solution File, Format Version 12.00
# Visual Studio Version 16
VisualStudioVersion = 16.0.31515.178
MinimumVisualStudioVersion = 10.0.40219.1
Project("{FAE04EC0-301F-11D3-BF4B-00C04F79EFBC}") = "OAHelperTest", "OAHelperTest\OAHelperTest.csproj", "{5886729E-678F-472F-B1D8-AFA6714D762F}"
EndProject
Global
	GlobalSection(SolutionConfigurationPlatforms) = preSolution
		Debug|Any CPU = Debug|Any CPU
		Release|Any CPU = Release|Any CPU
	EndGlobalSection
	GlobalSection(ProjectConfigurationPlatforms) = postSolution
		{5886729E-678F-472F-B1D8-AFA6714D762F}.Debug|Any CPU.ActiveCfg = Debug|Any CPU
		{5886729E-678F-472F-B1D8-AFA6714D762F}.Debug|Any CPU.Build.0 = Debug|Any CPU
		{5886729E-678F-472F-B1D8-AFA6714D762F}.Release|Any CPU.ActiveCfg = Release|Any CPU
		{5886729E-678F-472F-B1D8-AFA6714D762F}.Release|Any CPU.Build.0 = Release|Any CPU
	EndGlobalSection
	GlobalSection(SolutionProperties) = preSolution
		HideSolutionNode = FALSE
	EndGlobalSection
	GlobalSection(ExtensibilityGlobals) = postSolution
		SolutionGuid = {26FC78A4-0573-47A1-8A70-0C99AAD35209}
	EndGlobalSection
EndGlobal
